
Microsoft Visual Studio Solution File, Format Version 12.00
Project("{FAE04EC0-301F-11D3-BF4B-00C04F79EFBC}") = "FTPServer", "FTPServer\FTPServer.csproj", "{22B419AD-906F-4369-8C49-86DB450A97D2}"
EndProject
Project("{FAE04EC0-301F-11D3-BF4B-00C04F79EFBC}") = "FTPClient", "FTPClient\FTPClient.csproj", "{DF0ECAB4-C80E-40DD-B0C7-A2E5853D8FDD}"
EndProject
Global
	GlobalSection(SolutionConfigurationPlatforms) = preSolution
		Debug|Any CPU = Debug|Any CPU
		Release|Any CPU = Release|Any CPU
	EndGlobalSection
	GlobalSection(ProjectConfigurationPlatforms) = postSolution
		{22B419AD-906F-4369-8C49-86DB450A97D2}.Debug|Any CPU.ActiveCfg = Debug|Any CPU
		{22B419AD-906F-4369-8C49-86DB450A97D2}.Debug|Any CPU.Build.0 = Debug|Any CPU
		{22B419AD-906F-4369-8C49-86DB450A97D2}.Release|Any CPU.ActiveCfg = Release|Any CPU
		{22B419AD-906F-4369-8C49-86DB450A97D2}.Release|Any CPU.Build.0 = Release|Any CPU
		{DF0ECAB4-C80E-40DD-B0C7-A2E5853D8FDD}.Debug|Any CPU.ActiveCfg = Debug|Any CPU
		{DF0ECAB4-C80E-40DD-B0C7-A2E5853D8FDD}.Debug|Any CPU.Build.0 = Debug|Any CPU
		{DF0ECAB4-C80E-40DD-B0C7-A2E5853D8FDD}.Release|Any CPU.ActiveCfg = Release|Any CPU
		{DF0ECAB4-C80E-40DD-B0C7-A2E5853D8FDD}.Release|Any CPU.Build.0 = Release|Any CPU
	EndGlobalSection
EndGlobal
