
Microsoft Visual Studio Solution File, Format Version 12.00
# Visual Studio Version 16
VisualStudioVersion = 25.0.1706.0
MinimumVisualStudioVersion = 10.0.40219.1
Project("{FAE04EC0-301F-11D3-BF4B-00C04F79EFBC}") = "MatrixMultiplication", "MatrixMultiplication\MatrixMultiplication.csproj", "{621213E6-02E9-4CC6-8D03-E4226382025D}"
EndProject
Project("{FAE04EC0-301F-11D3-BF4B-00C04F79EFBC}") = "MatrixMultiplicationTests", "MatrixMultiplicationTests\MatrixMultiplicationTests.csproj", "{4873A416-5DB1-4AE4-81F9-C0F42F0DAE15}"
EndProject
Global
	GlobalSection(SolutionConfigurationPlatforms) = preSolution
		Debug|Any CPU = Debug|Any CPU
		Release|Any CPU = Release|Any CPU
	EndGlobalSection
	GlobalSection(ProjectConfigurationPlatforms) = postSolution
		{621213E6-02E9-4CC6-8D03-E4226382025D}.Debug|Any CPU.ActiveCfg = Debug|Any CPU
		{621213E6-02E9-4CC6-8D03-E4226382025D}.Debug|Any CPU.Build.0 = Debug|Any CPU
		{621213E6-02E9-4CC6-8D03-E4226382025D}.Release|Any CPU.ActiveCfg = Release|Any CPU
		{621213E6-02E9-4CC6-8D03-E4226382025D}.Release|Any CPU.Build.0 = Release|Any CPU
		{4873A416-5DB1-4AE4-81F9-C0F42F0DAE15}.Debug|Any CPU.ActiveCfg = Debug|Any CPU
		{4873A416-5DB1-4AE4-81F9-C0F42F0DAE15}.Debug|Any CPU.Build.0 = Debug|Any CPU
		{4873A416-5DB1-4AE4-81F9-C0F42F0DAE15}.Release|Any CPU.ActiveCfg = Release|Any CPU
		{4873A416-5DB1-4AE4-81F9-C0F42F0DAE15}.Release|Any CPU.Build.0 = Release|Any CPU
	EndGlobalSection
	GlobalSection(SolutionProperties) = preSolution
		HideSolutionNode = FALSE
	EndGlobalSection
	GlobalSection(ExtensibilityGlobals) = postSolution
		SolutionGuid = {A454B9A7-CD45-4CA8-8481-EBFD790DD5AB}
	EndGlobalSection
	GlobalSection(MonoDevelopProperties) = preSolution
		BaseDirectory = MatrixMultiplication
		Policies = $0
		$0.DotNetNamingPolicy = $1
		$1.DirectoryNamespaceAssociation = PrefixedHierarchical
		$0.TextStylePolicy = $2
		$2.FileWidth = 80
		$2.TabsToSpaces = True
		$2.scope = text/x-csharp
		$0.CSharpFormattingPolicy = $3
		$3.scope = text/x-csharp
		outputpath = MatrixMultiplication
	EndGlobalSection
EndGlobal
