
Microsoft Visual Studio Solution File, Format Version 12.00
Project("{FAE04EC0-301F-11D3-BF4B-00C04F79EFBC}") = "MyThreadPool", "MyThreadPool\MyThreadPool.csproj", "{08776734-351B-4CCA-A6A9-910E866CB6A0}"
EndProject
Project("{FAE04EC0-301F-11D3-BF4B-00C04F79EFBC}") = "MyThreadPoolTests", "MyThreadPoolTests\MyThreadPoolTests.csproj", "{4ED6CCC0-C919-4525-8278-8C5542035741}"
EndProject
Global
	GlobalSection(SolutionConfigurationPlatforms) = preSolution
		Debug|Any CPU = Debug|Any CPU
		Release|Any CPU = Release|Any CPU
	EndGlobalSection
	GlobalSection(ProjectConfigurationPlatforms) = postSolution
		{08776734-351B-4CCA-A6A9-910E866CB6A0}.Debug|Any CPU.ActiveCfg = Debug|Any CPU
		{08776734-351B-4CCA-A6A9-910E866CB6A0}.Debug|Any CPU.Build.0 = Debug|Any CPU
		{08776734-351B-4CCA-A6A9-910E866CB6A0}.Release|Any CPU.ActiveCfg = Release|Any CPU
		{08776734-351B-4CCA-A6A9-910E866CB6A0}.Release|Any CPU.Build.0 = Release|Any CPU
		{4ED6CCC0-C919-4525-8278-8C5542035741}.Debug|Any CPU.ActiveCfg = Debug|Any CPU
		{4ED6CCC0-C919-4525-8278-8C5542035741}.Debug|Any CPU.Build.0 = Debug|Any CPU
		{4ED6CCC0-C919-4525-8278-8C5542035741}.Release|Any CPU.ActiveCfg = Release|Any CPU
		{4ED6CCC0-C919-4525-8278-8C5542035741}.Release|Any CPU.Build.0 = Release|Any CPU
	EndGlobalSection
EndGlobal
