
Microsoft Visual Studio Solution File, Format Version 12.00
Project("{FAE04EC0-301F-11D3-BF4B-00C04F79EFBC}") = "FirstPractice", "FirstPractice\FirstPractice.csproj", "{46295BE1-FA8C-4258-93E2-3C09998C53DF}"
EndProject
Global
	GlobalSection(SolutionConfigurationPlatforms) = preSolution
		Debug|Any CPU = Debug|Any CPU
		Release|Any CPU = Release|Any CPU
	EndGlobalSection
	GlobalSection(ProjectConfigurationPlatforms) = postSolution
		{46295BE1-FA8C-4258-93E2-3C09998C53DF}.Debug|Any CPU.ActiveCfg = Debug|Any CPU
		{46295BE1-FA8C-4258-93E2-3C09998C53DF}.Debug|Any CPU.Build.0 = Debug|Any CPU
		{46295BE1-FA8C-4258-93E2-3C09998C53DF}.Release|Any CPU.ActiveCfg = Release|Any CPU
		{46295BE1-FA8C-4258-93E2-3C09998C53DF}.Release|Any CPU.Build.0 = Release|Any CPU
	EndGlobalSection
EndGlobal
